
Microsoft Visual Studio Solution File, Format Version 12.00
# Visual Studio Version 16
VisualStudioVersion = 16.0.30804.86
MinimumVisualStudioVersion = 10.0.40219.1
Project("{2150E333-8FDC-42A3-9474-1A3956D46DE8}") = "Services", "Services", "{1FC7CFF7-FFC3-4FD6-BF13-8796547E6675}"
EndProject
Project("{2150E333-8FDC-42A3-9474-1A3956D46DE8}") = "Catalog", "Catalog", "{3422942D-07D8-4414-8217-889B37EC8D1F}"
EndProject
Project("{9A19103F-16F7-4668-BE54-9A1E7A4F7556}") = "Catalog.API", "Services\Catalog\Catalog.API\Catalog.API.csproj", "{2FF79C06-5E4E-4A75-A592-247C414E2455}"
EndProject
Project("{E53339B2-1760-4266-BCC7-CA923CBCF16C}") = "docker-compose", "docker-compose.dcproj", "{69B02448-3667-4E62-9B0F-52800C6EE81F}"
EndProject
Project("{2150E333-8FDC-42A3-9474-1A3956D46DE8}") = "Basket", "Basket", "{FBEB2144-A1D1-46B3-8D94-DFAE1251D25B}"
EndProject
Project("{9A19103F-16F7-4668-BE54-9A1E7A4F7556}") = "Basket.API", "Services\Basket\Basket.API\Basket.API.csproj", "{CCE4B63B-65B1-48C1-AB97-8E64F70F24D2}"
EndProject
Project("{2150E333-8FDC-42A3-9474-1A3956D46DE8}") = "Discount", "Discount", "{423E8204-F79C-45E4-A5F1-A5AF4F342818}"
EndProject
Project("{9A19103F-16F7-4668-BE54-9A1E7A4F7556}") = "Discount.API", "Services\Discount\Discount.API\Discount.API.csproj", "{65DF1D62-D6E7-421A-AEB4-2E8BB7B5BFA6}"
EndProject
Project("{9A19103F-16F7-4668-BE54-9A1E7A4F7556}") = "Discount.Grpc", "Services\Discount\Discount.Grpc\Discount.Grpc.csproj", "{C285B48E-3CFF-48D0-BD5E-935997EAC28D}"
EndProject
Project("{2150E333-8FDC-42A3-9474-1A3956D46DE8}") = "Ordering", "Ordering", "{E382A11A-53E9-48CD-8C44-77A9B7BA3ED9}"
EndProject
Project("{FAE04EC0-301F-11D3-BF4B-00C04F79EFBC}") = "Ordering.API", "Services\Ordering\Ordering.API\Ordering.API.csproj", "{917CA514-4440-4F3F-943C-AFA18AFDCE37}"
EndProject
Project("{FAE04EC0-301F-11D3-BF4B-00C04F79EFBC}") = "Ordering.Domain", "Services\Ordering\Ordering.Domain\Ordering.Domain.csproj", "{7EA1FD0B-8A24-42EB-8F2C-A4CDE0AE6ACB}"
EndProject
Project("{FAE04EC0-301F-11D3-BF4B-00C04F79EFBC}") = "Ordering.Application", "Services\Ordering\Ordering.Application\Ordering.Application.csproj", "{FB3A3BAB-9F5D-4AAF-AF97-8C9E1AFDA42D}"
EndProject
Project("{FAE04EC0-301F-11D3-BF4B-00C04F79EFBC}") = "Ordering.Infrastructure", "Services\Ordering\Ordering.Infrastructure\Ordering.Infrastructure.csproj", "{573CF3D3-B321-4399-8D47-F259A50F18C9}"
EndProject
Global
	GlobalSection(SolutionConfigurationPlatforms) = preSolution
		Debug|Any CPU = Debug|Any CPU
		Release|Any CPU = Release|Any CPU
	EndGlobalSection
	GlobalSection(ProjectConfigurationPlatforms) = postSolution
		{2FF79C06-5E4E-4A75-A592-247C414E2455}.Debug|Any CPU.ActiveCfg = Debug|Any CPU
		{2FF79C06-5E4E-4A75-A592-247C414E2455}.Debug|Any CPU.Build.0 = Debug|Any CPU
		{2FF79C06-5E4E-4A75-A592-247C414E2455}.Release|Any CPU.ActiveCfg = Release|Any CPU
		{2FF79C06-5E4E-4A75-A592-247C414E2455}.Release|Any CPU.Build.0 = Release|Any CPU
		{69B02448-3667-4E62-9B0F-52800C6EE81F}.Debug|Any CPU.ActiveCfg = Debug|Any CPU
		{69B02448-3667-4E62-9B0F-52800C6EE81F}.Debug|Any CPU.Build.0 = Debug|Any CPU
		{69B02448-3667-4E62-9B0F-52800C6EE81F}.Release|Any CPU.ActiveCfg = Release|Any CPU
		{69B02448-3667-4E62-9B0F-52800C6EE81F}.Release|Any CPU.Build.0 = Release|Any CPU
		{CCE4B63B-65B1-48C1-AB97-8E64F70F24D2}.Debug|Any CPU.ActiveCfg = Debug|Any CPU
		{CCE4B63B-65B1-48C1-AB97-8E64F70F24D2}.Debug|Any CPU.Build.0 = Debug|Any CPU
		{CCE4B63B-65B1-48C1-AB97-8E64F70F24D2}.Release|Any CPU.ActiveCfg = Release|Any CPU
		{CCE4B63B-65B1-48C1-AB97-8E64F70F24D2}.Release|Any CPU.Build.0 = Release|Any CPU
		{65DF1D62-D6E7-421A-AEB4-2E8BB7B5BFA6}.Debug|Any CPU.ActiveCfg = Debug|Any CPU
		{65DF1D62-D6E7-421A-AEB4-2E8BB7B5BFA6}.Debug|Any CPU.Build.0 = Debug|Any CPU
		{65DF1D62-D6E7-421A-AEB4-2E8BB7B5BFA6}.Release|Any CPU.ActiveCfg = Release|Any CPU
		{65DF1D62-D6E7-421A-AEB4-2E8BB7B5BFA6}.Release|Any CPU.Build.0 = Release|Any CPU
		{C285B48E-3CFF-48D0-BD5E-935997EAC28D}.Debug|Any CPU.ActiveCfg = Debug|Any CPU
		{C285B48E-3CFF-48D0-BD5E-935997EAC28D}.Debug|Any CPU.Build.0 = Debug|Any CPU
		{C285B48E-3CFF-48D0-BD5E-935997EAC28D}.Release|Any CPU.ActiveCfg = Release|Any CPU
		{C285B48E-3CFF-48D0-BD5E-935997EAC28D}.Release|Any CPU.Build.0 = Release|Any CPU
		{917CA514-4440-4F3F-943C-AFA18AFDCE37}.Debug|Any CPU.ActiveCfg = Debug|Any CPU
		{917CA514-4440-4F3F-943C-AFA18AFDCE37}.Debug|Any CPU.Build.0 = Debug|Any CPU
		{917CA514-4440-4F3F-943C-AFA18AFDCE37}.Release|Any CPU.ActiveCfg = Release|Any CPU
		{917CA514-4440-4F3F-943C-AFA18AFDCE37}.Release|Any CPU.Build.0 = Release|Any CPU
		{7EA1FD0B-8A24-42EB-8F2C-A4CDE0AE6ACB}.Debug|Any CPU.ActiveCfg = Debug|Any CPU
		{7EA1FD0B-8A24-42EB-8F2C-A4CDE0AE6ACB}.Debug|Any CPU.Build.0 = Debug|Any CPU
		{7EA1FD0B-8A24-42EB-8F2C-A4CDE0AE6ACB}.Release|Any CPU.ActiveCfg = Release|Any CPU
		{7EA1FD0B-8A24-42EB-8F2C-A4CDE0AE6ACB}.Release|Any CPU.Build.0 = Release|Any CPU
		{FB3A3BAB-9F5D-4AAF-AF97-8C9E1AFDA42D}.Debug|Any CPU.ActiveCfg = Debug|Any CPU
		{FB3A3BAB-9F5D-4AAF-AF97-8C9E1AFDA42D}.Debug|Any CPU.Build.0 = Debug|Any CPU
		{FB3A3BAB-9F5D-4AAF-AF97-8C9E1AFDA42D}.Release|Any CPU.ActiveCfg = Release|Any CPU
		{FB3A3BAB-9F5D-4AAF-AF97-8C9E1AFDA42D}.Release|Any CPU.Build.0 = Release|Any CPU
		{573CF3D3-B321-4399-8D47-F259A50F18C9}.Debug|Any CPU.ActiveCfg = Debug|Any CPU
		{573CF3D3-B321-4399-8D47-F259A50F18C9}.Debug|Any CPU.Build.0 = Debug|Any CPU
		{573CF3D3-B321-4399-8D47-F259A50F18C9}.Release|Any CPU.ActiveCfg = Release|Any CPU
		{573CF3D3-B321-4399-8D47-F259A50F18C9}.Release|Any CPU.Build.0 = Release|Any CPU
	EndGlobalSection
	GlobalSection(SolutionProperties) = preSolution
		HideSolutionNode = FALSE
	EndGlobalSection
	GlobalSection(NestedProjects) = preSolution
		{3422942D-07D8-4414-8217-889B37EC8D1F} = {1FC7CFF7-FFC3-4FD6-BF13-8796547E6675}
		{2FF79C06-5E4E-4A75-A592-247C414E2455} = {3422942D-07D8-4414-8217-889B37EC8D1F}
		{FBEB2144-A1D1-46B3-8D94-DFAE1251D25B} = {1FC7CFF7-FFC3-4FD6-BF13-8796547E6675}
		{CCE4B63B-65B1-48C1-AB97-8E64F70F24D2} = {FBEB2144-A1D1-46B3-8D94-DFAE1251D25B}
		{423E8204-F79C-45E4-A5F1-A5AF4F342818} = {1FC7CFF7-FFC3-4FD6-BF13-8796547E6675}
		{65DF1D62-D6E7-421A-AEB4-2E8BB7B5BFA6} = {423E8204-F79C-45E4-A5F1-A5AF4F342818}
		{C285B48E-3CFF-48D0-BD5E-935997EAC28D} = {423E8204-F79C-45E4-A5F1-A5AF4F342818}
		{E382A11A-53E9-48CD-8C44-77A9B7BA3ED9} = {1FC7CFF7-FFC3-4FD6-BF13-8796547E6675}
		{917CA514-4440-4F3F-943C-AFA18AFDCE37} = {E382A11A-53E9-48CD-8C44-77A9B7BA3ED9}
		{7EA1FD0B-8A24-42EB-8F2C-A4CDE0AE6ACB} = {E382A11A-53E9-48CD-8C44-77A9B7BA3ED9}
		{FB3A3BAB-9F5D-4AAF-AF97-8C9E1AFDA42D} = {E382A11A-53E9-48CD-8C44-77A9B7BA3ED9}
		{573CF3D3-B321-4399-8D47-F259A50F18C9} = {E382A11A-53E9-48CD-8C44-77A9B7BA3ED9}
	EndGlobalSection
	GlobalSection(ExtensibilityGlobals) = postSolution
		SolutionGuid = {516512EA-C630-44B8-822A-808E90701894}
	EndGlobalSection
EndGlobal
